
Microsoft Visual Studio Solution File, Format Version 11.00
# Visual Web Developer Express 2010
Project("{FAE04EC0-301F-11D3-BF4B-00C04F79EFBC}") = "eFacturaDGI", "eFacturaDGI\eFacturaDGI.csproj", "{985BDFF0-A579-421B-A01E-634DA48F0C5B}"
EndProject
Project("{FAE04EC0-301F-11D3-BF4B-00C04F79EFBC}") = "EntidadesCompartidas", "EntidadesCompartidas\EntidadesCompartidas.csproj", "{30285BFE-EF08-49F9-81C0-688AA2220CB9}"
EndProject
Project("{FAE04EC0-301F-11D3-BF4B-00C04F79EFBC}") = "Persistencia", "Persistencia\Persistencia.csproj", "{F1FBEC73-3236-49CC-B006-F07D364ED27E}"
EndProject
Project("{FAE04EC0-301F-11D3-BF4B-00C04F79EFBC}") = "TiposFactura", "TiposFactura\TiposFactura.csproj", "{F936CE9A-46B5-477F-8196-F2CC72D56D02}"
EndProject
Project("{FAE04EC0-301F-11D3-BF4B-00C04F79EFBC}") = "Items", "Items\Items.csproj", "{EDDD76DC-E598-4D50-A924-28CACE331FCB}"
EndProject
Project("{FAE04EC0-301F-11D3-BF4B-00C04F79EFBC}") = "Receptores", "Receptores\Receptores.csproj", "{9394A793-47AB-49B6-A483-6B37ABD45124}"
EndProject
Project("{FAE04EC0-301F-11D3-BF4B-00C04F79EFBC}") = "TiposCFE", "TiposCFE\TiposCFE.csproj", "{6956A2B1-416F-4857-AD41-4CA089F7D8A0}"
EndProject
Global
	GlobalSection(SolutionConfigurationPlatforms) = preSolution
		Debug|Any CPU = Debug|Any CPU
		Release|Any CPU = Release|Any CPU
	EndGlobalSection
	GlobalSection(ProjectConfigurationPlatforms) = postSolution
		{985BDFF0-A579-421B-A01E-634DA48F0C5B}.Debug|Any CPU.ActiveCfg = Debug|Any CPU
		{985BDFF0-A579-421B-A01E-634DA48F0C5B}.Debug|Any CPU.Build.0 = Debug|Any CPU
		{985BDFF0-A579-421B-A01E-634DA48F0C5B}.Release|Any CPU.ActiveCfg = Release|Any CPU
		{985BDFF0-A579-421B-A01E-634DA48F0C5B}.Release|Any CPU.Build.0 = Release|Any CPU
		{30285BFE-EF08-49F9-81C0-688AA2220CB9}.Debug|Any CPU.ActiveCfg = Debug|Any CPU
		{30285BFE-EF08-49F9-81C0-688AA2220CB9}.Debug|Any CPU.Build.0 = Debug|Any CPU
		{30285BFE-EF08-49F9-81C0-688AA2220CB9}.Release|Any CPU.ActiveCfg = Release|Any CPU
		{30285BFE-EF08-49F9-81C0-688AA2220CB9}.Release|Any CPU.Build.0 = Release|Any CPU
		{F1FBEC73-3236-49CC-B006-F07D364ED27E}.Debug|Any CPU.ActiveCfg = Debug|Any CPU
		{F1FBEC73-3236-49CC-B006-F07D364ED27E}.Debug|Any CPU.Build.0 = Debug|Any CPU
		{F1FBEC73-3236-49CC-B006-F07D364ED27E}.Release|Any CPU.ActiveCfg = Release|Any CPU
		{F1FBEC73-3236-49CC-B006-F07D364ED27E}.Release|Any CPU.Build.0 = Release|Any CPU
		{F936CE9A-46B5-477F-8196-F2CC72D56D02}.Debug|Any CPU.ActiveCfg = Debug|Any CPU
		{F936CE9A-46B5-477F-8196-F2CC72D56D02}.Debug|Any CPU.Build.0 = Debug|Any CPU
		{F936CE9A-46B5-477F-8196-F2CC72D56D02}.Release|Any CPU.ActiveCfg = Release|Any CPU
		{F936CE9A-46B5-477F-8196-F2CC72D56D02}.Release|Any CPU.Build.0 = Release|Any CPU
		{EDDD76DC-E598-4D50-A924-28CACE331FCB}.Debug|Any CPU.ActiveCfg = Debug|Any CPU
		{EDDD76DC-E598-4D50-A924-28CACE331FCB}.Debug|Any CPU.Build.0 = Debug|Any CPU
		{EDDD76DC-E598-4D50-A924-28CACE331FCB}.Release|Any CPU.ActiveCfg = Release|Any CPU
		{EDDD76DC-E598-4D50-A924-28CACE331FCB}.Release|Any CPU.Build.0 = Release|Any CPU
		{9394A793-47AB-49B6-A483-6B37ABD45124}.Debug|Any CPU.ActiveCfg = Debug|Any CPU
		{9394A793-47AB-49B6-A483-6B37ABD45124}.Debug|Any CPU.Build.0 = Debug|Any CPU
		{9394A793-47AB-49B6-A483-6B37ABD45124}.Release|Any CPU.ActiveCfg = Release|Any CPU
		{9394A793-47AB-49B6-A483-6B37ABD45124}.Release|Any CPU.Build.0 = Release|Any CPU
		{6956A2B1-416F-4857-AD41-4CA089F7D8A0}.Debug|Any CPU.ActiveCfg = Debug|Any CPU
		{6956A2B1-416F-4857-AD41-4CA089F7D8A0}.Debug|Any CPU.Build.0 = Debug|Any CPU
		{6956A2B1-416F-4857-AD41-4CA089F7D8A0}.Release|Any CPU.ActiveCfg = Release|Any CPU
		{6956A2B1-416F-4857-AD41-4CA089F7D8A0}.Release|Any CPU.Build.0 = Release|Any CPU
	EndGlobalSection
	GlobalSection(SolutionProperties) = preSolution
		HideSolutionNode = FALSE
	EndGlobalSection
EndGlobal
